// !$*UTF8*$!
{
	archiveVersion = 1;
	classes = {
	};
	objectVersion = 56;
	objects = {

/* Begin PBXBuildFile section */
		5694007A29BA6CB900263DB6 /* Day23_Conditional_modifiersApp.swift in Sources */ = {isa = PBXBuildFile; fileRef = 5694007929BA6CB900263DB6 /* Day23_Conditional_modifiersApp.swift */; };
		5694007C29BA6CB900263DB6 /* ContentView.swift in Sources */ = {isa = PBXBuildFile; fileRef = 5694007B29BA6CB900263DB6 /* ContentView.swift */; };
		5694007E29BA6CBD00263DB6 /* Assets.xcassets in Resources */ = {isa = PBXBuildFile; fileRef = 5694007D29BA6CBD00263DB6 /* Assets.xcassets */; };
		5694008129BA6CBD00263DB6 /* Preview Assets.xcassets in Resources */ = {isa = PBXBuildFile; fileRef = 5694008029BA6CBD00263DB6 /* Preview Assets.xcassets */; };
		5694008B29BA6CBD00263DB6 /* Day23_Conditional_modifiersTests.swift in Sources */ = {isa = PBXBuildFile; fileRef = 5694008A29BA6CBD00263DB6 /* Day23_Conditional_modifiersTests.swift */; };
		5694009529BA6CBD00263DB6 /* Day23_Conditional_modifiersUITests.swift in Sources */ = {isa = PBXBuildFile; fileRef = 5694009429BA6CBD00263DB6 /* Day23_Conditional_modifiersUITests.swift */; };
		5694009729BA6CBD00263DB6 /* Day23_Conditional_modifiersUITestsLaunchTests.swift in Sources */ = {isa = PBXBuildFile; fileRef = 5694009629BA6CBD00263DB6 /* Day23_Conditional_modifiersUITestsLaunchTests.swift */; };
/* End PBXBuildFile section */

/* Begin PBXContainerItemProxy section */
		5694008729BA6CBD00263DB6 /* PBXContainerItemProxy */ = {
			isa = PBXContainerItemProxy;
			containerPortal = 5694006E29BA6CB900263DB6 /* Project object */;
			proxyType = 1;
			remoteGlobalIDString = 5694007529BA6CB900263DB6;
			remoteInfo = "Day23_Conditional modifiers";
		};
		5694009129BA6CBD00263DB6 /* PBXContainerItemProxy */ = {
			isa = PBXContainerItemProxy;
			containerPortal = 5694006E29BA6CB900263DB6 /* Project object */;
			proxyType = 1;
			remoteGlobalIDString = 5694007529BA6CB900263DB6;
			remoteInfo = "Day23_Conditional modifiers";
		};
/* End PBXContainerItemProxy section */

/* Begin PBXFileReference section */
		5694007629BA6CB900263DB6 /* Day23_Conditional modifiers.app */ = {isa = PBXFileReference; explicitFileType = wrapper.application; includeInIndex = 0; path = "Day23_Conditional modifiers.app"; sourceTree = BUILT_PRODUCTS_DIR; };
		5694007929BA6CB900263DB6 /* Day23_Conditional_modifiersApp.swift */ = {isa = PBXFileReference; lastKnownFileType = sourcecode.swift; path = Day23_Conditional_modifiersApp.swift; sourceTree = "<group>"; };
		5694007B29BA6CB900263DB6 /* ContentView.swift */ = {isa = PBXFileReference; lastKnownFileType = sourcecode.swift; path = ContentView.swift; sourceTree = "<group>"; };
		5694007D29BA6CBD00263DB6 /* Assets.xcassets */ = {isa = PBXFileReference; lastKnownFileType = folder.assetcatalog; path = Assets.xcassets; sourceTree = "<group>"; };
		5694008029BA6CBD00263DB6 /* Preview Assets.xcassets */ = {isa = PBXFileReference; lastKnownFileType = folder.assetcatalog; path = "Preview Assets.xcassets"; sourceTree = "<group>"; };
		5694008629BA6CBD00263DB6 /* Day23_Conditional modifiersTests.xctest */ = {isa = PBXFileReference; explicitFileType = wrapper.cfbundle; includeInIndex = 0; path = "Day23_Conditional modifiersTests.xctest"; sourceTree = BUILT_PRODUCTS_DIR; };
		5694008A29BA6CBD00263DB6 /* Day23_Conditional_modifiersTests.swift */ = {isa = PBXFileReference; lastKnownFileType = sourcecode.swift; path = Day23_Conditional_modifiersTests.swift; sourceTree = "<group>"; };
		5694009029BA6CBD00263DB6 /* Day23_Conditional modifiersUITests.xctest */ = {isa = PBXFileReference; explicitFileType = wrapper.cfbundle; includeInIndex = 0; path = "Day23_Conditional modifiersUITests.xctest"; sourceTree = BUILT_PRODUCTS_DIR; };
		5694009429BA6CBD00263DB6 /* Day23_Conditional_modifiersUITests.swift */ = {isa = PBXFileReference; lastKnownFileType = sourcecode.swift; path = Day23_Conditional_modifiersUITests.swift; sourceTree = "<group>"; };
		5694009629BA6CBD00263DB6 /* Day23_Conditional_modifiersUITestsLaunchTests.swift */ = {isa = PBXFileReference; lastKnownFileType = sourcecode.swift; path = Day23_Conditional_modifiersUITestsLaunchTests.swift; sourceTree = "<group>"; };
/* End PBXFileReference section */

/* Begin PBXFrameworksBuildPhase section */
		5694007329BA6CB900263DB6 /* Frameworks */ = {
			isa = PBXFrameworksBuildPhase;
			buildActionMask = 2147483647;
			files = (
			);
			runOnlyForDeploymentPostprocessing = 0;
		};
		5694008329BA6CBD00263DB6 /* Frameworks */ = {
			isa = PBXFrameworksBuildPhase;
			buildActionMask = 2147483647;
			files = (
			);
			runOnlyForDeploymentPostprocessing = 0;
		};
		5694008D29BA6CBD00263DB6 /* Frameworks */ = {
			isa = PBXFrameworksBuildPhase;
			buildActionMask = 2147483647;
			files = (
			);
			runOnlyForDeploymentPostprocessing = 0;
		};
/* End PBXFrameworksBuildPhase section */

/* Begin PBXGroup section */
		5694006D29BA6CB900263DB6 = {
			isa = PBXGroup;
			children = (
				5694007829BA6CB900263DB6 /* Day23_Conditional modifiers */,
				5694008929BA6CBD00263DB6 /* Day23_Conditional modifiersTests */,
				5694009329BA6CBD00263DB6 /* Day23_Conditional modifiersUITests */,
				5694007729BA6CB900263DB6 /* Products */,
			);
			sourceTree = "<group>";
		};
		5694007729BA6CB900263DB6 /* Products */ = {
			isa = PBXGroup;
			children = (
				5694007629BA6CB900263DB6 /* Day23_Conditional modifiers.app */,
				5694008629BA6CBD00263DB6 /* Day23_Conditional modifiersTests.xctest */,
				5694009029BA6CBD00263DB6 /* Day23_Conditional modifiersUITests.xctest */,
			);
			name = Products;
			sourceTree = "<group>";
		};
		5694007829BA6CB900263DB6 /* Day23_Conditional modifiers */ = {
			isa = PBXGroup;
			children = (
				5694007929BA6CB900263DB6 /* Day23_Conditional_modifiersApp.swift */,
				5694007B29BA6CB900263DB6 /* ContentView.swift */,
				5694007D29BA6CBD00263DB6 /* Assets.xcassets */,
				5694007F29BA6CBD00263DB6 /* Preview Content */,
			);
			path = "Day23_Conditional modifiers";
			sourceTree = "<group>";
		};
		5694007F29BA6CBD00263DB6 /* Preview Content */ = {
			isa = PBXGroup;
			children = (
				5694008029BA6CBD00263DB6 /* Preview Assets.xcassets */,
			);
			path = "Preview Content";
			sourceTree = "<group>";
		};
		5694008929BA6CBD00263DB6 /* Day23_Conditional modifiersTests */ = {
			isa = PBXGroup;
			children = (
				5694008A29BA6CBD00263DB6 /* Day23_Conditional_modifiersTests.swift */,
			);
			path = "Day23_Conditional modifiersTests";
			sourceTree = "<group>";
		};
		5694009329BA6CBD00263DB6 /* Day23_Conditional modifiersUITests */ = {
			isa = PBXGroup;
			children = (
				5694009429BA6CBD00263DB6 /* Day23_Conditional_modifiersUITests.swift */,
				5694009629BA6CBD00263DB6 /* Day23_Conditional_modifiersUITestsLaunchTests.swift */,
			);
			path = "Day23_Conditional modifiersUITests";
			sourceTree = "<group>";
		};
/* End PBXGroup section */

/* Begin PBXNativeTarget section */
		5694007529BA6CB900263DB6 /* Day23_Conditional modifiers */ = {
			isa = PBXNativeTarget;
			buildConfigurationList = 5694009A29BA6CBD00263DB6 /* Build configuration list for PBXNativeTarget "Day23_Conditional modifiers" */;
			buildPhases = (
				5694007229BA6CB900263DB6 /* Sources */,
				5694007329BA6CB900263DB6 /* Frameworks */,
				5694007429BA6CB900263DB6 /* Resources */,
			);
			buildRules = (
			);
			dependencies = (
			);
			name = "Day23_Conditional modifiers";
			productName = "Day23_Conditional modifiers";
			productReference = 5694007629BA6CB900263DB6 /* Day23_Conditional modifiers.app */;
			productType = "com.apple.product-type.application";
		};
		5694008529BA6CBD00263DB6 /* Day23_Conditional modifiersTests */ = {
			isa = PBXNativeTarget;
			buildConfigurationList = 5694009D29BA6CBD00263DB6 /* Build configuration list for PBXNativeTarget "Day23_Conditional modifiersTests" */;
			buildPhases = (
				5694008229BA6CBD00263DB6 /* Sources */,
				5694008329BA6CBD00263DB6 /* Frameworks */,
				5694008429BA6CBD00263DB6 /* Resources */,
			);
			buildRules = (
			);
			dependencies = (
				5694008829BA6CBD00263DB6 /* PBXTargetDependency */,
			);
			name = "Day23_Conditional modifiersTests";
			productName = "Day23_Conditional modifiersTests";
			productReference = 5694008629BA6CBD00263DB6 /* Day23_Conditional modifiersTests.xctest */;
			productType = "com.apple.product-type.bundle.unit-test";
		};
		5694008F29BA6CBD00263DB6 /* Day23_Conditional modifiersUITests */ = {
			isa = PBXNativeTarget;
			buildConfigurationList = 569400A029BA6CBD00263DB6 /* Build configuration list for PBXNativeTarget "Day23_Conditional modifiersUITests" */;
			buildPhases = (
				5694008C29BA6CBD00263DB6 /* Sources */,
				5694008D29BA6CBD00263DB6 /* Frameworks */,
				5694008E29BA6CBD00263DB6 /* Resources */,
			);
			buildRules = (
			);
			dependencies = (
				5694009229BA6CBD00263DB6 /* PBXTargetDependency */,
			);
			name = "Day23_Conditional modifiersUITests";
			productName = "Day23_Conditional modifiersUITests";
			productReference = 5694009029BA6CBD00263DB6 /* Day23_Conditional modifiersUITests.xctest */;
			productType = "com.apple.product-type.bundle.ui-testing";
		};
/* End PBXNativeTarget section */

/* Begin PBXProject section */
		5694006E29BA6CB900263DB6 /* Project object */ = {
			isa = PBXProject;
			attributes = {
				BuildIndependentTargetsInParallel = 1;
				LastSwiftUpdateCheck = 1420;
				LastUpgradeCheck = 1420;
				TargetAttributes = {
					5694007529BA6CB900263DB6 = {
						CreatedOnToolsVersion = 14.2;
					};
					5694008529BA6CBD00263DB6 = {
						CreatedOnToolsVersion = 14.2;
						TestTargetID = 5694007529BA6CB900263DB6;
					};
					5694008F29BA6CBD00263DB6 = {
						CreatedOnToolsVersion = 14.2;
						TestTargetID = 5694007529BA6CB900263DB6;
					};
				};
			};
			buildConfigurationList = 5694007129BA6CB900263DB6 /* Build configuration list for PBXProject "Day23_Conditional modifiers" */;
			compatibilityVersion = "Xcode 14.0";
			developmentRegion = en;
			hasScannedForEncodings = 0;
			knownRegions = (
				en,
				Base,
			);
			mainGroup = 5694006D29BA6CB900263DB6;
			productRefGroup = 5694007729BA6CB900263DB6 /* Products */;
			projectDirPath = "";
			projectRoot = "";
			targets = (
				5694007529BA6CB900263DB6 /* Day23_Conditional modifiers */,
				5694008529BA6CBD00263DB6 /* Day23_Conditional modifiersTests */,
				5694008F29BA6CBD00263DB6 /* Day23_Conditional modifiersUITests */,
			);
		};
/* End PBXProject section */

/* Begin PBXResourcesBuildPhase section */
		5694007429BA6CB900263DB6 /* Resources */ = {
			isa = PBXResourcesBuildPhase;
			buildActionMask = 2147483647;
			files = (
				5694008129BA6CBD00263DB6 /* Preview Assets.xcassets in Resources */,
				5694007E29BA6CBD00263DB6 /* Assets.xcassets in Resources */,
			);
			runOnlyForDeploymentPostprocessing = 0;
		};
		5694008429BA6CBD00263DB6 /* Resources */ = {
			isa = PBXResourcesBuildPhase;
			buildActionMask = 2147483647;
			files = (
			);
			runOnlyForDeploymentPostprocessing = 0;
		};
		5694008E29BA6CBD00263DB6 /* Resources */ = {
			isa = PBXResourcesBuildPhase;
			buildActionMask = 2147483647;
			files = (
			);
			runOnlyForDeploymentPostprocessing = 0;
		};
/* End PBXResourcesBuildPhase section */

/* Begin PBXSourcesBuildPhase section */
		5694007229BA6CB900263DB6 /* Sources */ = {
			isa = PBXSourcesBuildPhase;
			buildActionMask = 2147483647;
			files = (
				5694007C29BA6CB900263DB6 /* ContentView.swift in Sources */,
				5694007A29BA6CB900263DB6 /* Day23_Conditional_modifiersApp.swift in Sources */,
			);
			runOnlyForDeploymentPostprocessing = 0;
		};
		5694008229BA6CBD00263DB6 /* Sources */ = {
			isa = PBXSourcesBuildPhase;
			buildActionMask = 2147483647;
			files = (
				5694008B29BA6CBD00263DB6 /* Day23_Conditional_modifiersTests.swift in Sources */,
			);
			runOnlyForDeploymentPostprocessing = 0;
		};
		5694008C29BA6CBD00263DB6 /* Sources */ = {
			isa = PBXSourcesBuildPhase;
			buildActionMask = 2147483647;
			files = (
				5694009729BA6CBD00263DB6 /* Day23_Conditional_modifiersUITestsLaunchTests.swift in Sources */,
				5694009529BA6CBD00263DB6 /* Day23_Conditional_modifiersUITests.swift in Sources */,
			);
			runOnlyForDeploymentPostprocessing = 0;
		};
/* End PBXSourcesBuildPhase section */

/* Begin PBXTargetDependency section */
		5694008829BA6CBD00263DB6 /* PBXTargetDependency */ = {
			isa = PBXTargetDependency;
			target = 5694007529BA6CB900263DB6 /* Day23_Conditional modifiers */;
			targetProxy = 5694008729BA6CBD00263DB6 /* PBXContainerItemProxy */;
		};
		5694009229BA6CBD00263DB6 /* PBXTargetDependency */ = {
			isa = PBXTargetDependency;
			target = 5694007529BA6CB900263DB6 /* Day23_Conditional modifiers */;
			targetProxy = 5694009129BA6CBD00263DB6 /* PBXContainerItemProxy */;
		};
/* End PBXTargetDependency section */

/* Begin XCBuildConfiguration section */
		5694009829BA6CBD00263DB6 /* Debug */ = {
			isa = XCBuildConfiguration;
			buildSettings = {
				ALWAYS_SEARCH_USER_PATHS = NO;
				CLANG_ANALYZER_NONNULL = YES;
				CLANG_ANALYZER_NUMBER_OBJECT_CONVERSION = YES_AGGRESSIVE;
				CLANG_CXX_LANGUAGE_STANDARD = "gnu++20";
				CLANG_ENABLE_MODULES = YES;
				CLANG_ENABLE_OBJC_ARC = YES;
				CLANG_ENABLE_OBJC_WEAK = YES;
				CLANG_WARN_BLOCK_CAPTURE_AUTORELEASING = YES;
				CLANG_WARN_BOOL_CONVERSION = YES;
				CLANG_WARN_COMMA = YES;
				CLANG_WARN_CONSTANT_CONVERSION = YES;
				CLANG_WARN_DEPRECATED_OBJC_IMPLEMENTATIONS = YES;
				CLANG_WARN_DIRECT_OBJC_ISA_USAGE = YES_ERROR;
				CLANG_WARN_DOCUMENTATION_COMMENTS = YES;
				CLANG_WARN_EMPTY_BODY = YES;
				CLANG_WARN_ENUM_CONVERSION = YES;
				CLANG_WARN_INFINITE_RECURSION = YES;
				CLANG_WARN_INT_CONVERSION = YES;
				CLANG_WARN_NON_LITERAL_NULL_CONVERSION = YES;
				CLANG_WARN_OBJC_IMPLICIT_RETAIN_SELF = YES;
				CLANG_WARN_OBJC_LITERAL_CONVERSION = YES;
				CLANG_WARN_OBJC_ROOT_CLASS = YES_ERROR;
				CLANG_WARN_QUOTED_INCLUDE_IN_FRAMEWORK_HEADER = YES;
				CLANG_WARN_RANGE_LOOP_ANALYSIS = YES;
				CLANG_WARN_STRICT_PROTOTYPES = YES;
				CLANG_WARN_SUSPICIOUS_MOVE = YES;
				CLANG_WARN_UNGUARDED_AVAILABILITY = YES_AGGRESSIVE;
				CLANG_WARN_UNREACHABLE_CODE = YES;
				CLANG_WARN__DUPLICATE_METHOD_MATCH = YES;
				COPY_PHASE_STRIP = NO;
				DEBUG_INFORMATION_FORMAT = dwarf;
				ENABLE_STRICT_OBJC_MSGSEND = YES;
				ENABLE_TESTABILITY = YES;
				GCC_C_LANGUAGE_STANDARD = gnu11;
				GCC_DYNAMIC_NO_PIC = NO;
				GCC_NO_COMMON_BLOCKS = YES;
				GCC_OPTIMIZATION_LEVEL = 0;
				GCC_PREPROCESSOR_DEFINITIONS = (
					"DEBUG=1",
					"$(inherited)",
				);
				GCC_WARN_64_TO_32_BIT_CONVERSION = YES;
				GCC_WARN_ABOUT_RETURN_TYPE = YES_ERROR;
				GCC_WARN_UNDECLARED_SELECTOR = YES;
				GCC_WARN_UNINITIALIZED_AUTOS = YES_AGGRESSIVE;
				GCC_WARN_UNUSED_FUNCTION = YES;
				GCC_WARN_UNUSED_VARIABLE = YES;
				IPHONEOS_DEPLOYMENT_TARGET = 16.2;
				MTL_ENABLE_DEBUG_INFO = INCLUDE_SOURCE;
				MTL_FAST_MATH = YES;
				ONLY_ACTIVE_ARCH = YES;
				SDKROOT = iphoneos;
				SWIFT_ACTIVE_COMPILATION_CONDITIONS = DEBUG;
				SWIFT_OPTIMIZATION_LEVEL = "-Onone";
			};
			name = Debug;
		};
		5694009929BA6CBD00263DB6 /* Release */ = {
			isa = XCBuildConfiguration;
			buildSettings = {
				ALWAYS_SEARCH_USER_PATHS = NO;
				CLANG_ANALYZER_NONNULL = YES;
				CLANG_ANALYZER_NUMBER_OBJECT_CONVERSION = YES_AGGRESSIVE;
				CLANG_CXX_LANGUAGE_STANDARD = "gnu++20";
				CLANG_ENABLE_MODULES = YES;
				CLANG_ENABLE_OBJC_ARC = YES;
				CLANG_ENABLE_OBJC_WEAK = YES;
				CLANG_WARN_BLOCK_CAPTURE_AUTORELEASING = YES;
				CLANG_WARN_BOOL_CONVERSION = YES;
				CLANG_WARN_COMMA = YES;
				CLANG_WARN_CONSTANT_CONVERSION = YES;
				CLANG_WARN_DEPRECATED_OBJC_IMPLEMENTATIONS = YES;
				CLANG_WARN_DIRECT_OBJC_ISA_USAGE = YES_ERROR;
				CLANG_WARN_DOCUMENTATION_COMMENTS = YES;
				CLANG_WARN_EMPTY_BODY = YES;
				CLANG_WARN_ENUM_CONVERSION = YES;
				CLANG_WARN_INFINITE_RECURSION = YES;
				CLANG_WARN_INT_CONVERSION = YES;
				CLANG_WARN_NON_LITERAL_NULL_CONVERSION = YES;
				CLANG_WARN_OBJC_IMPLICIT_RETAIN_SELF = YES;
				CLANG_WARN_OBJC_LITERAL_CONVERSION = YES;
				CLANG_WARN_OBJC_ROOT_CLASS = YES_ERROR;
				CLANG_WARN_QUOTED_INCLUDE_IN_FRAMEWORK_HEADER = YES;
				CLANG_WARN_RANGE_LOOP_ANALYSIS = YES;
				CLANG_WARN_STRICT_PROTOTYPES = YES;
				CLANG_WARN_SUSPICIOUS_MOVE = YES;
				CLANG_WARN_UNGUARDED_AVAILABILITY = YES_AGGRESSIVE;
				CLANG_WARN_UNREACHABLE_CODE = YES;
				CLANG_WARN__DUPLICATE_METHOD_MATCH = YES;
				COPY_PHASE_STRIP = NO;
				DEBUG_INFORMATION_FORMAT = "dwarf-with-dsym";
				ENABLE_NS_ASSERTIONS = NO;
				ENABLE_STRICT_OBJC_MSGSEND = YES;
				GCC_C_LANGUAGE_STANDARD = gnu11;
				GCC_NO_COMMON_BLOCKS = YES;
				GCC_WARN_64_TO_32_BIT_CONVERSION = YES;
				GCC_WARN_ABOUT_RETURN_TYPE = YES_ERROR;
				GCC_WARN_UNDECLARED_SELECTOR = YES;
				GCC_WARN_UNINITIALIZED_AUTOS = YES_AGGRESSIVE;
				GCC_WARN_UNUSED_FUNCTION = YES;
				GCC_WARN_UNUSED_VARIABLE = YES;
				IPHONEOS_DEPLOYMENT_TARGET = 16.2;
				MTL_ENABLE_DEBUG_INFO = NO;
				MTL_FAST_MATH = YES;
				SDKROOT = iphoneos;
				SWIFT_COMPILATION_MODE = wholemodule;
				SWIFT_OPTIMIZATION_LEVEL = "-O";
				VALIDATE_PRODUCT = YES;
			};
			name = Release;
		};
		5694009B29BA6CBD00263DB6 /* Debug */ = {
			isa = XCBuildConfiguration;
			buildSettings = {
				ASSETCATALOG_COMPILER_APPICON_NAME = AppIcon;
				ASSETCATALOG_COMPILER_GLOBAL_ACCENT_COLOR_NAME = AccentColor;
				CODE_SIGN_STYLE = Automatic;
				CURRENT_PROJECT_VERSION = 1;
				DEVELOPMENT_ASSET_PATHS = "\"Day23_Conditional modifiers/Preview Content\"";
				DEVELOPMENT_TEAM = T9PS7UYXRY;
				ENABLE_PREVIEWS = YES;
				GENERATE_INFOPLIST_FILE = YES;
				INFOPLIST_KEY_UIApplicationSceneManifest_Generation = YES;
				INFOPLIST_KEY_UIApplicationSupportsIndirectInputEvents = YES;
				INFOPLIST_KEY_UILaunchScreen_Generation = YES;
				INFOPLIST_KEY_UISupportedInterfaceOrientations_iPad = "UIInterfaceOrientationPortrait UIInterfaceOrientationPortraitUpsideDown UIInterfaceOrientationLandscapeLeft UIInterfaceOrientationLandscapeRight";
				INFOPLIST_KEY_UISupportedInterfaceOrientations_iPhone = "UIInterfaceOrientationPortrait UIInterfaceOrientationLandscapeLeft UIInterfaceOrientationLandscapeRight";
				LD_RUNPATH_SEARCH_PATHS = (
					"$(inherited)",
					"@executable_path/Frameworks",
				);
				MARKETING_VERSION = 1.0;
				PRODUCT_BUNDLE_IDENTIFIER = "E.B..Day23-Conditional-modifiers";
				PRODUCT_NAME = "$(TARGET_NAME)";
				SWIFT_EMIT_LOC_STRINGS = YES;
				SWIFT_VERSION = 5.0;
				TARGETED_DEVICE_FAMILY = "1,2";
			};
			name = Debug;
		};
		5694009C29BA6CBD00263DB6 /* Release */ = {
			isa = XCBuildConfiguration;
			buildSettings = {
				ASSETCATALOG_COMPILER_APPICON_NAME = AppIcon;
				ASSETCATALOG_COMPILER_GLOBAL_ACCENT_COLOR_NAME = AccentColor;
				CODE_SIGN_STYLE = Automatic;
				CURRENT_PROJECT_VERSION = 1;
				DEVELOPMENT_ASSET_PATHS = "\"Day23_Conditional modifiers/Preview Content\"";
				DEVELOPMENT_TEAM = T9PS7UYXRY;
				ENABLE_PREVIEWS = YES;
				GENERATE_INFOPLIST_FILE = YES;
				INFOPLIST_KEY_UIApplicationSceneManifest_Generation = YES;
				INFOPLIST_KEY_UIApplicationSupportsIndirectInputEvents = YES;
				INFOPLIST_KEY_UILaunchScreen_Generation = YES;
				INFOPLIST_KEY_UISupportedInterfaceOrientations_iPad = "UIInterfaceOrientationPortrait UIInterfaceOrientationPortraitUpsideDown UIInterfaceOrientationLandscapeLeft UIInterfaceOrientationLandscapeRight";
				INFOPLIST_KEY_UISupportedInterfaceOrientations_iPhone = "UIInterfaceOrientationPortrait UIInterfaceOrientationLandscapeLeft UIInterfaceOrientationLandscapeRight";
				LD_RUNPATH_SEARCH_PATHS = (
					"$(inherited)",
					"@executable_path/Frameworks",
				);
				MARKETING_VERSION = 1.0;
				PRODUCT_BUNDLE_IDENTIFIER = "E.B..Day23-Conditional-modifiers";
				PRODUCT_NAME = "$(TARGET_NAME)";
				SWIFT_EMIT_LOC_STRINGS = YES;
				SWIFT_VERSION = 5.0;
				TARGETED_DEVICE_FAMILY = "1,2";
			};
			name = Release;
		};
		5694009E29BA6CBD00263DB6 /* Debug */ = {
			isa = XCBuildConfiguration;
			buildSettings = {
				ALWAYS_EMBED_SWIFT_STANDARD_LIBRARIES = YES;
				BUNDLE_LOADER = "$(TEST_HOST)";
				CODE_SIGN_STYLE = Automatic;
				CURRENT_PROJECT_VERSION = 1;
				DEVELOPMENT_TEAM = T9PS7UYXRY;
				GENERATE_INFOPLIST_FILE = YES;
				IPHONEOS_DEPLOYMENT_TARGET = 16.2;
				MARKETING_VERSION = 1.0;
				PRODUCT_BUNDLE_IDENTIFIER = "E.B..Day23-Conditional-modifiersTests";
				PRODUCT_NAME = "$(TARGET_NAME)";
				SWIFT_EMIT_LOC_STRINGS = NO;
				SWIFT_VERSION = 5.0;
				TARGETED_DEVICE_FAMILY = "1,2";
				TEST_HOST = "$(BUILT_PRODUCTS_DIR)/Day23_Conditional modifiers.app/$(BUNDLE_EXECUTABLE_FOLDER_PATH)/Day23_Conditional modifiers";
			};
			name = Debug;
		};
		5694009F29BA6CBD00263DB6 /* Release */ = {
			isa = XCBuildConfiguration;
			buildSettings = {
				ALWAYS_EMBED_SWIFT_STANDARD_LIBRARIES = YES;
				BUNDLE_LOADER = "$(TEST_HOST)";
				CODE_SIGN_STYLE = Automatic;
				CURRENT_PROJECT_VERSION = 1;
				DEVELOPMENT_TEAM = T9PS7UYXRY;
				GENERATE_INFOPLIST_FILE = YES;
				IPHONEOS_DEPLOYMENT_TARGET = 16.2;
				MARKETING_VERSION = 1.0;
				PRODUCT_BUNDLE_IDENTIFIER = "E.B..Day23-Conditional-modifiersTests";
				PRODUCT_NAME = "$(TARGET_NAME)";
				SWIFT_EMIT_LOC_STRINGS = NO;
				SWIFT_VERSION = 5.0;
				TARGETED_DEVICE_FAMILY = "1,2";
				TEST_HOST = "$(BUILT_PRODUCTS_DIR)/Day23_Conditional modifiers.app/$(BUNDLE_EXECUTABLE_FOLDER_PATH)/Day23_Conditional modifiers";
			};
			name = Release;
		};
		569400A129BA6CBD00263DB6 /* Debug */ = {
			isa = XCBuildConfiguration;
			buildSettings = {
				ALWAYS_EMBED_SWIFT_STANDARD_LIBRARIES = YES;
				CODE_SIGN_STYLE = Automatic;
				CURRENT_PROJECT_VERSION = 1;
				DEVELOPMENT_TEAM = T9PS7UYXRY;
				GENERATE_INFOPLIST_FILE = YES;
				MARKETING_VERSION = 1.0;
				PRODUCT_BUNDLE_IDENTIFIER = "E.B..Day23-Conditional-modifiersUITests";
				PRODUCT_NAME = "$(TARGET_NAME)";
				SWIFT_EMIT_LOC_STRINGS = NO;
				SWIFT_VERSION = 5.0;
				TARGETED_DEVICE_FAMILY = "1,2";
				TEST_TARGET_NAME = "Day23_Conditional modifiers";
			};
			name = Debug;
		};
		569400A229BA6CBD00263DB6 /* Release */ = {
			isa = XCBuildConfiguration;
			buildSettings = {
				ALWAYS_EMBED_SWIFT_STANDARD_LIBRARIES = YES;
				CODE_SIGN_STYLE = Automatic;
				CURRENT_PROJECT_VERSION = 1;
				DEVELOPMENT_TEAM = T9PS7UYXRY;
				GENERATE_INFOPLIST_FILE = YES;
				MARKETING_VERSION = 1.0;
				PRODUCT_BUNDLE_IDENTIFIER = "E.B..Day23-Conditional-modifiersUITests";
				PRODUCT_NAME = "$(TARGET_NAME)";
				SWIFT_EMIT_LOC_STRINGS = NO;
				SWIFT_VERSION = 5.0;
				TARGETED_DEVICE_FAMILY = "1,2";
				TEST_TARGET_NAME = "Day23_Conditional modifiers";
			};
			name = Release;
		};
/* End XCBuildConfiguration section */

/* Begin XCConfigurationList section */
		5694007129BA6CB900263DB6 /* Build configuration list for PBXProject "Day23_Conditional modifiers" */ = {
			isa = XCConfigurationList;
			buildConfigurations = (
				5694009829BA6CBD00263DB6 /* Debug */,
				5694009929BA6CBD00263DB6 /* Release */,
			);
			defaultConfigurationIsVisible = 0;
			defaultConfigurationName = Release;
		};
		5694009A29BA6CBD00263DB6 /* Build configuration list for PBXNativeTarget "Day23_Conditional modifiers" */ = {
			isa = XCConfigurationList;
			buildConfigurations = (
				5694009B29BA6CBD00263DB6 /* Debug */,
				5694009C29BA6CBD00263DB6 /* Release */,
			);
			defaultConfigurationIsVisible = 0;
			defaultConfigurationName = Release;
		};
		5694009D29BA6CBD00263DB6 /* Build configuration list for PBXNativeTarget "Day23_Conditional modifiersTests" */ = {
			isa = XCConfigurationList;
			buildConfigurations = (
				5694009E29BA6CBD00263DB6 /* Debug */,
				5694009F29BA6CBD00263DB6 /* Release */,
			);
			defaultConfigurationIsVisible = 0;
			defaultConfigurationName = Release;
		};
		569400A029BA6CBD00263DB6 /* Build configuration list for PBXNativeTarget "Day23_Conditional modifiersUITests" */ = {
			isa = XCConfigurationList;
			buildConfigurations = (
				569400A129BA6CBD00263DB6 /* Debug */,
				569400A229BA6CBD00263DB6 /* Release */,
			);
			defaultConfigurationIsVisible = 0;
			defaultConfigurationName = Release;
		};
/* End XCConfigurationList section */
	};
	rootObject = 5694006E29BA6CB900263DB6 /* Project object */;
}
